
Microsoft Visual Studio Solution File, Format Version 12.00
# Visual Studio Version 16
VisualStudioVersion = 16.0.32428.217
MinimumVisualStudioVersion = 10.0.40219.1
Project("{FAE04EC0-301F-11D3-BF4B-00C04F79EFBC}") = "QLNhanVien_WPF", "QLNhanVien_WPF\QLNhanVien_WPF.csproj", "{A33763AB-E505-4330-864A-67FAC171BF1E}"
EndProject
Global
	GlobalSection(SolutionConfigurationPlatforms) = preSolution
		Debug|Any CPU = Debug|Any CPU
		Release|Any CPU = Release|Any CPU
	EndGlobalSection
	GlobalSection(ProjectConfigurationPlatforms) = postSolution
		{A33763AB-E505-4330-864A-67FAC171BF1E}.Debug|Any CPU.ActiveCfg = Debug|Any CPU
		{A33763AB-E505-4330-864A-67FAC171BF1E}.Debug|Any CPU.Build.0 = Debug|Any CPU
		{A33763AB-E505-4330-864A-67FAC171BF1E}.Release|Any CPU.ActiveCfg = Release|Any CPU
		{A33763AB-E505-4330-864A-67FAC171BF1E}.Release|Any CPU.Build.0 = Release|Any CPU
	EndGlobalSection
	GlobalSection(SolutionProperties) = preSolution
		HideSolutionNode = FALSE
	EndGlobalSection
	GlobalSection(ExtensibilityGlobals) = postSolution
		SolutionGuid = {C5D50C16-5CA4-49FD-8C11-BDB10B49637E}
	EndGlobalSection
EndGlobal
